
Microsoft Visual Studio Solution File, Format Version 12.00
# Visual Studio Version 17
VisualStudioVersion = 17.1.32210.238
MinimumVisualStudioVersion = 10.0.40219.1
Project("{9A19103F-16F7-4668-BE54-9A1E7A4F7556}") = "AuthorizationMicroService", "AuthorizationMicroService.csproj", "{E3DA08A8-D5D5-435E-AE01-883A61B853E5}"
EndProject
Project("{9A19103F-16F7-4668-BE54-9A1E7A4F7556}") = "NUnitTestAuthorizationMicroService", "..\..\N Unit Testing\NUnitTestAuthorizationMicroService\NUnitTestAuthorizationMicroService.csproj", "{010BBC71-54F6-4E3D-8E75-3D86EBD07D75}"
EndProject
Global
	GlobalSection(SolutionConfigurationPlatforms) = preSolution
		Debug|Any CPU = Debug|Any CPU
		Release|Any CPU = Release|Any CPU
	EndGlobalSection
	GlobalSection(ProjectConfigurationPlatforms) = postSolution
		{E3DA08A8-D5D5-435E-AE01-883A61B853E5}.Debug|Any CPU.ActiveCfg = Debug|Any CPU
		{E3DA08A8-D5D5-435E-AE01-883A61B853E5}.Debug|Any CPU.Build.0 = Debug|Any CPU
		{E3DA08A8-D5D5-435E-AE01-883A61B853E5}.Release|Any CPU.ActiveCfg = Release|Any CPU
		{E3DA08A8-D5D5-435E-AE01-883A61B853E5}.Release|Any CPU.Build.0 = Release|Any CPU
		{010BBC71-54F6-4E3D-8E75-3D86EBD07D75}.Debug|Any CPU.ActiveCfg = Debug|Any CPU
		{010BBC71-54F6-4E3D-8E75-3D86EBD07D75}.Debug|Any CPU.Build.0 = Debug|Any CPU
		{010BBC71-54F6-4E3D-8E75-3D86EBD07D75}.Release|Any CPU.ActiveCfg = Release|Any CPU
		{010BBC71-54F6-4E3D-8E75-3D86EBD07D75}.Release|Any CPU.Build.0 = Release|Any CPU
	EndGlobalSection
	GlobalSection(SolutionProperties) = preSolution
		HideSolutionNode = FALSE
	EndGlobalSection
	GlobalSection(ExtensibilityGlobals) = postSolution
		SolutionGuid = {0A5182B9-BCAB-40CD-BC66-33BB3FA0F279}
	EndGlobalSection
EndGlobal
